
Microsoft Visual Studio Solution File, Format Version 12.00
# Visual Studio Version 16
VisualStudioVersion = 16.0.31911.196
MinimumVisualStudioVersion = 10.0.40219.1
Project("{FAE04EC0-301F-11D3-BF4B-00C04F79EFBC}") = "Pwnhammer", "tFix\Pwnhammer.csproj", "{DC64C734-01B6-472A-AB90-D85B56EB7C99}"
EndProject
Global
	GlobalSection(SolutionConfigurationPlatforms) = preSolution
		Debug|Any CPU = Debug|Any CPU
		Debug|x64 = Debug|x64
		Release|Any CPU = Release|Any CPU
		Release|x64 = Release|x64
	EndGlobalSection
	GlobalSection(ProjectConfigurationPlatforms) = postSolution
		{DC64C734-01B6-472A-AB90-D85B56EB7C99}.Debug|Any CPU.ActiveCfg = Debug|Any CPU
		{DC64C734-01B6-472A-AB90-D85B56EB7C99}.Debug|Any CPU.Build.0 = Debug|Any CPU
		{DC64C734-01B6-472A-AB90-D85B56EB7C99}.Debug|x64.ActiveCfg = Debug|x64
		{DC64C734-01B6-472A-AB90-D85B56EB7C99}.Debug|x64.Build.0 = Debug|x64
		{DC64C734-01B6-472A-AB90-D85B56EB7C99}.Release|Any CPU.ActiveCfg = Release|Any CPU
		{DC64C734-01B6-472A-AB90-D85B56EB7C99}.Release|Any CPU.Build.0 = Release|Any CPU
		{DC64C734-01B6-472A-AB90-D85B56EB7C99}.Release|x64.ActiveCfg = Release|x64
		{DC64C734-01B6-472A-AB90-D85B56EB7C99}.Release|x64.Build.0 = Release|x64
	EndGlobalSection
	GlobalSection(SolutionProperties) = preSolution
		HideSolutionNode = FALSE
	EndGlobalSection
	GlobalSection(ExtensibilityGlobals) = postSolution
		SolutionGuid = {7E4C7A6F-2D66-44A9-922C-254EBC939C8B}
	EndGlobalSection
EndGlobal
